// !$*UTF8*$!
{
	archiveVersion = 1;
	classes = {
	};
	objectVersion = 50;
	objects = {

/* Begin PBXBuildFile section */
		EBB8FD79262A2CFF00AF7B51 /* AppDelegate.swift in Sources */ = {isa = PBXBuildFile; fileRef = EBB8FD78262A2CFF00AF7B51 /* AppDelegate.swift */; };
		EBB8FD7B262A2CFF00AF7B51 /* SceneDelegate.swift in Sources */ = {isa = PBXBuildFile; fileRef = EBB8FD7A262A2CFF00AF7B51 /* SceneDelegate.swift */; };
		EBB8FD7D262A2CFF00AF7B51 /* ContentView.swift in Sources */ = {isa = PBXBuildFile; fileRef = EBB8FD7C262A2CFF00AF7B51 /* ContentView.swift */; };
		EBB8FD7F262A2D0200AF7B51 /* Assets.xcassets in Resources */ = {isa = PBXBuildFile; fileRef = EBB8FD7E262A2D0200AF7B51 /* Assets.xcassets */; };
		EBB8FD82262A2D0200AF7B51 /* Preview Assets.xcassets in Resources */ = {isa = PBXBuildFile; fileRef = EBB8FD81262A2D0200AF7B51 /* Preview Assets.xcassets */; };
		EBB8FD85262A2D0200AF7B51 /* LaunchScreen.storyboard in Resources */ = {isa = PBXBuildFile; fileRef = EBB8FD83262A2D0200AF7B51 /* LaunchScreen.storyboard */; };
/* End PBXBuildFile section */

/* Begin PBXFileReference section */
		EBB8FD75262A2CFF00AF7B51 /* 50Cards.app */ = {isa = PBXFileReference; explicitFileType = wrapper.application; includeInIndex = 0; path = 50Cards.app; sourceTree = BUILT_PRODUCTS_DIR; };
		EBB8FD78262A2CFF00AF7B51 /* AppDelegate.swift */ = {isa = PBXFileReference; lastKnownFileType = sourcecode.swift; path = AppDelegate.swift; sourceTree = "<group>"; };
		EBB8FD7A262A2CFF00AF7B51 /* SceneDelegate.swift */ = {isa = PBXFileReference; lastKnownFileType = sourcecode.swift; path = SceneDelegate.swift; sourceTree = "<group>"; };
		EBB8FD7C262A2CFF00AF7B51 /* ContentView.swift */ = {isa = PBXFileReference; lastKnownFileType = sourcecode.swift; path = ContentView.swift; sourceTree = "<group>"; };
		EBB8FD7E262A2D0200AF7B51 /* Assets.xcassets */ = {isa = PBXFileReference; lastKnownFileType = folder.assetcatalog; path = Assets.xcassets; sourceTree = "<group>"; };
		EBB8FD81262A2D0200AF7B51 /* Preview Assets.xcassets */ = {isa = PBXFileReference; lastKnownFileType = folder.assetcatalog; path = "Preview Assets.xcassets"; sourceTree = "<group>"; };
		EBB8FD84262A2D0200AF7B51 /* Base */ = {isa = PBXFileReference; lastKnownFileType = file.storyboard; name = Base; path = Base.lproj/LaunchScreen.storyboard; sourceTree = "<group>"; };
		EBB8FD86262A2D0200AF7B51 /* Info.plist */ = {isa = PBXFileReference; lastKnownFileType = text.plist.xml; path = Info.plist; sourceTree = "<group>"; };
/* End PBXFileReference section */

/* Begin PBXFrameworksBuildPhase section */
		EBB8FD72262A2CFF00AF7B51 /* Frameworks */ = {
			isa = PBXFrameworksBuildPhase;
			buildActionMask = 2147483647;
			files = (
			);
			runOnlyForDeploymentPostprocessing = 0;
		};
/* End PBXFrameworksBuildPhase section */

/* Begin PBXGroup section */
		EBB8FD6C262A2CFF00AF7B51 = {
			isa = PBXGroup;
			children = (
				EBB8FD77262A2CFF00AF7B51 /* 50Cards */,
				EBB8FD76262A2CFF00AF7B51 /* Products */,
			);
			sourceTree = "<group>";
		};
		EBB8FD76262A2CFF00AF7B51 /* Products */ = {
			isa = PBXGroup;
			children = (
				EBB8FD75262A2CFF00AF7B51 /* 50Cards.app */,
			);
			name = Products;
			sourceTree = "<group>";
		};
		EBB8FD77262A2CFF00AF7B51 /* 50Cards */ = {
			isa = PBXGroup;
			children = (
				EBB8FD78262A2CFF00AF7B51 /* AppDelegate.swift */,
				EBB8FD7A262A2CFF00AF7B51 /* SceneDelegate.swift */,
				EBB8FD7C262A2CFF00AF7B51 /* ContentView.swift */,
				EBB8FD7E262A2D0200AF7B51 /* Assets.xcassets */,
				EBB8FD83262A2D0200AF7B51 /* LaunchScreen.storyboard */,
				EBB8FD86262A2D0200AF7B51 /* Info.plist */,
				EBB8FD80262A2D0200AF7B51 /* Preview Content */,
			);
			path = 50Cards;
			sourceTree = "<group>";
		};
		EBB8FD80262A2D0200AF7B51 /* Preview Content */ = {
			isa = PBXGroup;
			children = (
				EBB8FD81262A2D0200AF7B51 /* Preview Assets.xcassets */,
			);
			path = "Preview Content";
			sourceTree = "<group>";
		};
/* End PBXGroup section */

/* Begin PBXNativeTarget section */
		EBB8FD74262A2CFF00AF7B51 /* 50Cards */ = {
			isa = PBXNativeTarget;
			buildConfigurationList = EBB8FD89262A2D0200AF7B51 /* Build configuration list for PBXNativeTarget "50Cards" */;
			buildPhases = (
				EBB8FD71262A2CFF00AF7B51 /* Sources */,
				EBB8FD72262A2CFF00AF7B51 /* Frameworks */,
				EBB8FD73262A2CFF00AF7B51 /* Resources */,
			);
			buildRules = (
			);
			dependencies = (
			);
			name = 50Cards;
			productName = 50Cards;
			productReference = EBB8FD75262A2CFF00AF7B51 /* 50Cards.app */;
			productType = "com.apple.product-type.application";
		};
/* End PBXNativeTarget section */

/* Begin PBXProject section */
		EBB8FD6D262A2CFF00AF7B51 /* Project object */ = {
			isa = PBXProject;
			attributes = {
				LastSwiftUpdateCheck = 1250;
				LastUpgradeCheck = 1250;
				TargetAttributes = {
					EBB8FD74262A2CFF00AF7B51 = {
						CreatedOnToolsVersion = 12.5;
					};
				};
			};
			buildConfigurationList = EBB8FD70262A2CFF00AF7B51 /* Build configuration list for PBXProject "50Cards" */;
			compatibilityVersion = "Xcode 9.3";
			developmentRegion = en;
			hasScannedForEncodings = 0;
			knownRegions = (
				en,
				Base,
			);
			mainGroup = EBB8FD6C262A2CFF00AF7B51;
			productRefGroup = EBB8FD76262A2CFF00AF7B51 /* Products */;
			projectDirPath = "";
			projectRoot = "";
			targets = (
				EBB8FD74262A2CFF00AF7B51 /* 50Cards */,
			);
		};
/* End PBXProject section */

/* Begin PBXResourcesBuildPhase section */
		EBB8FD73262A2CFF00AF7B51 /* Resources */ = {
			isa = PBXResourcesBuildPhase;
			buildActionMask = 2147483647;
			files = (
				EBB8FD85262A2D0200AF7B51 /* LaunchScreen.storyboard in Resources */,
				EBB8FD82262A2D0200AF7B51 /* Preview Assets.xcassets in Resources */,
				EBB8FD7F262A2D0200AF7B51 /* Assets.xcassets in Resources */,
			);
			runOnlyForDeploymentPostprocessing = 0;
		};
/* End PBXResourcesBuildPhase section */

/* Begin PBXSourcesBuildPhase section */
		EBB8FD71262A2CFF00AF7B51 /* Sources */ = {
			isa = PBXSourcesBuildPhase;
			buildActionMask = 2147483647;
			files = (
				EBB8FD79262A2CFF00AF7B51 /* AppDelegate.swift in Sources */,
				EBB8FD7B262A2CFF00AF7B51 /* SceneDelegate.swift in Sources */,
				EBB8FD7D262A2CFF00AF7B51 /* ContentView.swift in Sources */,
			);
			runOnlyForDeploymentPostprocessing = 0;
		};
/* End PBXSourcesBuildPhase section */

/* Begin PBXVariantGroup section */
		EBB8FD83262A2D0200AF7B51 /* LaunchScreen.storyboard */ = {
			isa = PBXVariantGroup;
			children = (
				EBB8FD84262A2D0200AF7B51 /* Base */,
			);
			name = LaunchScreen.storyboard;
			sourceTree = "<group>";
		};
/* End PBXVariantGroup section */

/* Begin XCBuildConfiguration section */
		EBB8FD87262A2D0200AF7B51 /* Debug */ = {
			isa = XCBuildConfiguration;
			buildSettings = {
				ALWAYS_SEARCH_USER_PATHS = NO;
				CLANG_ANALYZER_NONNULL = YES;
				CLANG_ANALYZER_NUMBER_OBJECT_CONVERSION = YES_AGGRESSIVE;
				CLANG_CXX_LANGUAGE_STANDARD = "gnu++14";
				CLANG_CXX_LIBRARY = "libc++";
				CLANG_ENABLE_MODULES = YES;
				CLANG_ENABLE_OBJC_ARC = YES;
				CLANG_ENABLE_OBJC_WEAK = YES;
				CLANG_WARN_BLOCK_CAPTURE_AUTORELEASING = YES;
				CLANG_WARN_BOOL_CONVERSION = YES;
				CLANG_WARN_COMMA = YES;
				CLANG_WARN_CONSTANT_CONVERSION = YES;
				CLANG_WARN_DEPRECATED_OBJC_IMPLEMENTATIONS = YES;
				CLANG_WARN_DIRECT_OBJC_ISA_USAGE = YES_ERROR;
				CLANG_WARN_DOCUMENTATION_COMMENTS = YES;
				CLANG_WARN_EMPTY_BODY = YES;
				CLANG_WARN_ENUM_CONVERSION = YES;
				CLANG_WARN_INFINITE_RECURSION = YES;
				CLANG_WARN_INT_CONVERSION = YES;
				CLANG_WARN_NON_LITERAL_NULL_CONVERSION = YES;
				CLANG_WARN_OBJC_IMPLICIT_RETAIN_SELF = YES;
				CLANG_WARN_OBJC_LITERAL_CONVERSION = YES;
				CLANG_WARN_OBJC_ROOT_CLASS = YES_ERROR;
				CLANG_WARN_QUOTED_INCLUDE_IN_FRAMEWORK_HEADER = YES;
				CLANG_WARN_RANGE_LOOP_ANALYSIS = YES;
				CLANG_WARN_STRICT_PROTOTYPES = YES;
				CLANG_WARN_SUSPICIOUS_MOVE = YES;
				CLANG_WARN_UNGUARDED_AVAILABILITY = YES_AGGRESSIVE;
				CLANG_WARN_UNREACHABLE_CODE = YES;
				CLANG_WARN__DUPLICATE_METHOD_MATCH = YES;
				COPY_PHASE_STRIP = NO;
				DEBUG_INFORMATION_FORMAT = dwarf;
				ENABLE_STRICT_OBJC_MSGSEND = YES;
				ENABLE_TESTABILITY = YES;
				GCC_C_LANGUAGE_STANDARD = gnu11;
				GCC_DYNAMIC_NO_PIC = NO;
				GCC_NO_COMMON_BLOCKS = YES;
				GCC_OPTIMIZATION_LEVEL = 0;
				GCC_PREPROCESSOR_DEFINITIONS = (
					"DEBUG=1",
					"$(inherited)",
				);
				GCC_WARN_64_TO_32_BIT_CONVERSION = YES;
				GCC_WARN_ABOUT_RETURN_TYPE = YES_ERROR;
				GCC_WARN_UNDECLARED_SELECTOR = YES;
				GCC_WARN_UNINITIALIZED_AUTOS = YES_AGGRESSIVE;
				GCC_WARN_UNUSED_FUNCTION = YES;
				GCC_WARN_UNUSED_VARIABLE = YES;
				IPHONEOS_DEPLOYMENT_TARGET = 14.5;
				MTL_ENABLE_DEBUG_INFO = INCLUDE_SOURCE;
				MTL_FAST_MATH = YES;
				ONLY_ACTIVE_ARCH = YES;
				SDKROOT = iphoneos;
				SWIFT_ACTIVE_COMPILATION_CONDITIONS = DEBUG;
				SWIFT_OPTIMIZATION_LEVEL = "-Onone";
			};
			name = Debug;
		};
		EBB8FD88262A2D0200AF7B51 /* Release */ = {
			isa = XCBuildConfiguration;
			buildSettings = {
				ALWAYS_SEARCH_USER_PATHS = NO;
				CLANG_ANALYZER_NONNULL = YES;
				CLANG_ANALYZER_NUMBER_OBJECT_CONVERSION = YES_AGGRESSIVE;
				CLANG_CXX_LANGUAGE_STANDARD = "gnu++14";
				CLANG_CXX_LIBRARY = "libc++";
				CLANG_ENABLE_MODULES = YES;
				CLANG_ENABLE_OBJC_ARC = YES;
				CLANG_ENABLE_OBJC_WEAK = YES;
				CLANG_WARN_BLOCK_CAPTURE_AUTORELEASING = YES;
				CLANG_WARN_BOOL_CONVERSION = YES;
				CLANG_WARN_COMMA = YES;
				CLANG_WARN_CONSTANT_CONVERSION = YES;
				CLANG_WARN_DEPRECATED_OBJC_IMPLEMENTATIONS = YES;
				CLANG_WARN_DIRECT_OBJC_ISA_USAGE = YES_ERROR;
				CLANG_WARN_DOCUMENTATION_COMMENTS = YES;
				CLANG_WARN_EMPTY_BODY = YES;
				CLANG_WARN_ENUM_CONVERSION = YES;
				CLANG_WARN_INFINITE_RECURSION = YES;
				CLANG_WARN_INT_CONVERSION = YES;
				CLANG_WARN_NON_LITERAL_NULL_CONVERSION = YES;
				CLANG_WARN_OBJC_IMPLICIT_RETAIN_SELF = YES;
				CLANG_WARN_OBJC_LITERAL_CONVERSION = YES;
				CLANG_WARN_OBJC_ROOT_CLASS = YES_ERROR;
				CLANG_WARN_QUOTED_INCLUDE_IN_FRAMEWORK_HEADER = YES;
				CLANG_WARN_RANGE_LOOP_ANALYSIS = YES;
				CLANG_WARN_STRICT_PROTOTYPES = YES;
				CLANG_WARN_SUSPICIOUS_MOVE = YES;
				CLANG_WARN_UNGUARDED_AVAILABILITY = YES_AGGRESSIVE;
				CLANG_WARN_UNREACHABLE_CODE = YES;
				CLANG_WARN__DUPLICATE_METHOD_MATCH = YES;
				COPY_PHASE_STRIP = NO;
				DEBUG_INFORMATION_FORMAT = "dwarf-with-dsym";
				ENABLE_NS_ASSERTIONS = NO;
				ENABLE_STRICT_OBJC_MSGSEND = YES;
				GCC_C_LANGUAGE_STANDARD = gnu11;
				GCC_NO_COMMON_BLOCKS = YES;
				GCC_WARN_64_TO_32_BIT_CONVERSION = YES;
				GCC_WARN_ABOUT_RETURN_TYPE = YES_ERROR;
				GCC_WARN_UNDECLARED_SELECTOR = YES;
				GCC_WARN_UNINITIALIZED_AUTOS = YES_AGGRESSIVE;
				GCC_WARN_UNUSED_FUNCTION = YES;
				GCC_WARN_UNUSED_VARIABLE = YES;
				IPHONEOS_DEPLOYMENT_TARGET = 14.5;
				MTL_ENABLE_DEBUG_INFO = NO;
				MTL_FAST_MATH = YES;
				SDKROOT = iphoneos;
				SWIFT_COMPILATION_MODE = wholemodule;
				SWIFT_OPTIMIZATION_LEVEL = "-O";
				VALIDATE_PRODUCT = YES;
			};
			name = Release;
		};
		EBB8FD8A262A2D0200AF7B51 /* Debug */ = {
			isa = XCBuildConfiguration;
			buildSettings = {
				ASSETCATALOG_COMPILER_APPICON_NAME = AppIcon;
				ASSETCATALOG_COMPILER_GLOBAL_ACCENT_COLOR_NAME = AccentColor;
				CODE_SIGN_STYLE = Automatic;
				DEVELOPMENT_ASSET_PATHS = "\"50Cards/Preview Content\"";
				DEVELOPMENT_TEAM = 625C4SHL7S;
				ENABLE_PREVIEWS = YES;
				INFOPLIST_FILE = 50Cards/Info.plist;
				LD_RUNPATH_SEARCH_PATHS = (
					"$(inherited)",
					"@executable_path/Frameworks",
				);
				PRODUCT_BUNDLE_IDENTIFIER = "com.Dingyi.-0Cards";
				PRODUCT_NAME = "$(TARGET_NAME)";
				SWIFT_VERSION = 5.0;
				TARGETED_DEVICE_FAMILY = "1,2";
			};
			name = Debug;
		};
		EBB8FD8B262A2D0200AF7B51 /* Release */ = {
			isa = XCBuildConfiguration;
			buildSettings = {
				ASSETCATALOG_COMPILER_APPICON_NAME = AppIcon;
				ASSETCATALOG_COMPILER_GLOBAL_ACCENT_COLOR_NAME = AccentColor;
				CODE_SIGN_STYLE = Automatic;
				DEVELOPMENT_ASSET_PATHS = "\"50Cards/Preview Content\"";
				DEVELOPMENT_TEAM = 625C4SHL7S;
				ENABLE_PREVIEWS = YES;
				INFOPLIST_FILE = 50Cards/Info.plist;
				LD_RUNPATH_SEARCH_PATHS = (
					"$(inherited)",
					"@executable_path/Frameworks",
				);
				PRODUCT_BUNDLE_IDENTIFIER = "com.Dingyi.-0Cards";
				PRODUCT_NAME = "$(TARGET_NAME)";
				SWIFT_VERSION = 5.0;
				TARGETED_DEVICE_FAMILY = "1,2";
			};
			name = Release;
		};
/* End XCBuildConfiguration section */

/* Begin XCConfigurationList section */
		EBB8FD70262A2CFF00AF7B51 /* Build configuration list for PBXProject "50Cards" */ = {
			isa = XCConfigurationList;
			buildConfigurations = (
				EBB8FD87262A2D0200AF7B51 /* Debug */,
				EBB8FD88262A2D0200AF7B51 /* Release */,
			);
			defaultConfigurationIsVisible = 0;
			defaultConfigurationName = Release;
		};
		EBB8FD89262A2D0200AF7B51 /* Build configuration list for PBXNativeTarget "50Cards" */ = {
			isa = XCConfigurationList;
			buildConfigurations = (
				EBB8FD8A262A2D0200AF7B51 /* Debug */,
				EBB8FD8B262A2D0200AF7B51 /* Release */,
			);
			defaultConfigurationIsVisible = 0;
			defaultConfigurationName = Release;
		};
/* End XCConfigurationList section */
	};
	rootObject = EBB8FD6D262A2CFF00AF7B51 /* Project object */;
}
